<?xml version="1.0" encoding="UTF-8"?>
<CONFIG>
  <ProjectOptions>
    <Version Value="11"/>
    <PathDelim Value="\"/>
    <General>
      <MainUnit Value="0"/>
      <Title Value="GE_Kart Verwaltungsprogramm für Kirchengemeinden"/>
      <Scaled Value="True"/>
      <ResourceType Value="res"/>
      <UseXPManifest Value="True"/>
      <XPManifest>
        <DpiAware Value="True"/>
      </XPManifest>
      <Icon Value="0"/>
    </General>
    <i18n>
      <EnableI18N LFM="False"/>
    </i18n>
    <VersionInfo>
      <UseVersionInfo Value="True"/>
      <MajorVersionNr Value="7"/>
      <MinorVersionNr Value="5"/>
      <RevisionNr Value="2"/>
      <Language Value="0407"/>
      <StringTable CompanyName="Wolfgang Werner" FileDescription="GE_Kart: Verwaltungsprogramm für Kirchengemeinden" InternalName="GE_Kart.exe" LegalCopyright="Wolfgang Werner" OriginalFilename="GE_Kart.exe" ProductName="GE_Kart"/>
    </VersionInfo>
    <BuildModes Count="1" Active="Default">
      <Item1 Name="Default" Default="True"/>
    </BuildModes>
    <PublishOptions>
      <Version Value="2"/>
    </PublishOptions>
    <RunParams>
      <FormatVersion Value="2"/>
      <Modes Count="1">
        <Mode0 Name="default">
          <local>
            <CommandLineParams Value="Master"/>
          </local>
        </Mode0>
      </Modes>
    </RunParams>
    <RequiredPackages Count="8">
      <Item1>
        <PackageName Value="zcomponent"/>
      </Item1>
      <Item2>
        <PackageName Value="Printer4Lazarus"/>
        <MinVersion Minor="5" Valid="True"/>
      </Item2>
      <Item3>
        <PackageName Value="SynEdit"/>
        <MinVersion Major="1" Valid="True"/>
      </Item3>
      <Item4>
        <PackageName Value="lazreport"/>
        <MinVersion Minor="9" Release="8" Valid="True"/>
      </Item4>
      <Item5>
        <PackageName Value="LazControls"/>
        <MinVersion Valid="True"/>
      </Item5>
      <Item6>
        <PackageName Value="DBFLaz"/>
        <MinVersion Minor="1" Release="1" Valid="True"/>
      </Item6>
      <Item7>
        <PackageName Value="FCL"/>
        <MinVersion Major="1" Valid="True"/>
      </Item7>
      <Item8>
        <PackageName Value="LCL"/>
      </Item8>
    </RequiredPackages>
    <Units Count="18">
      <Unit0>
        <Filename Value="GE_Kart.lpr"/>
        <IsPartOfProject Value="True"/>
        <EditorIndex Value="-1"/>
        <CursorPos Y="51"/>
        <UsageCount Value="201"/>
      </Unit0>
      <Unit1>
        <Filename Value="main.pas"/>
        <IsPartOfProject Value="True"/>
        <ComponentName Value="frmMain"/>
        <HasResources Value="True"/>
        <ResourceBaseClass Value="Form"/>
        <UnitName Value="Main"/>
        <IsVisibleTab Value="True"/>
        <TopLine Value="1713"/>
        <CursorPos X="92" Y="1737"/>
        <UsageCount Value="201"/>
        <Loaded Value="True"/>
        <LoadedDesigner Value="True"/>
      </Unit1>
      <Unit2>
        <Filename Value="global.pas"/>
        <IsPartOfProject Value="True"/>
        <UnitName Value="Global"/>
        <EditorIndex Value="-1"/>
        <TopLine Value="7"/>
        <CursorPos X="10" Y="19"/>
        <UsageCount Value="201"/>
      </Unit2>
      <Unit3>
        <Filename Value="help.pas"/>
        <IsPartOfProject Value="True"/>
        <EditorIndex Value="-1"/>
        <TopLine Value="226"/>
        <CursorPos X="13" Y="251"/>
        <UsageCount Value="200"/>
      </Unit3>
      <Unit4>
        <Filename Value="input.pas"/>
        <IsPartOfProject Value="True"/>
        <ComponentName Value="frmInput"/>
        <HasResources Value="True"/>
        <ResourceBaseClass Value="Form"/>
        <EditorIndex Value="-1"/>
        <CursorPos X="151" Y="5"/>
        <UsageCount Value="200"/>
      </Unit4>
      <Unit5>
        <Filename Value="dm.pas"/>
        <IsPartOfProject Value="True"/>
        <ComponentName Value="frmDM"/>
        <HasResources Value="True"/>
        <ResourceBaseClass Value="Form"/>
        <EditorIndex Value="-1"/>
        <TopLine Value="87"/>
        <CursorPos X="91" Y="104"/>
        <UsageCount Value="200"/>
      </Unit5>
      <Unit6>
        <Filename Value="kartei.pas"/>
        <IsPartOfProject Value="True"/>
        <ComponentName Value="frmKartei"/>
        <HasResources Value="True"/>
        <ResourceBaseClass Value="Form"/>
        <EditorIndex Value="3"/>
        <TopLine Value="556"/>
        <CursorPos X="30" Y="541"/>
        <UsageCount Value="200"/>
        <Loaded Value="True"/>
        <LoadedDesigner Value="True"/>
      </Unit6>
      <Unit7>
        <Filename Value="vinfo.pas"/>
        <IsPartOfProject Value="True"/>
        <UsageCount Value="201"/>
      </Unit7>
      <Unit8>
        <Filename Value="appsettings.pas"/>
        <IsPartOfProject Value="True"/>
        <EditorIndex Value="-1"/>
        <TopLine Value="7"/>
        <CursorPos X="31" Y="10"/>
        <UsageCount Value="200"/>
      </Unit8>
      <Unit9>
        <Filename Value="dbgrid.pas"/>
        <IsPartOfProject Value="True"/>
        <ComponentName Value="frmDBGrid"/>
        <HasResources Value="True"/>
        <ResourceBaseClass Value="Form"/>
        <UnitName Value="DBGrid"/>
        <EditorIndex Value="-1"/>
        <CursorPos Y="34"/>
        <UsageCount Value="201"/>
      </Unit9>
      <Unit10>
        <Filename Value="ausgabe.pas"/>
        <IsPartOfProject Value="True"/>
        <ComponentName Value="frmAusgabe"/>
        <HasResources Value="True"/>
        <ResourceBaseClass Value="Form"/>
        <UnitName Value="Ausgabe"/>
        <EditorIndex Value="-1"/>
        <TopLine Value="55"/>
        <CursorPos X="127" Y="61"/>
        <UsageCount Value="200"/>
      </Unit10>
      <Unit11>
        <Filename Value="STATINFO.PAS"/>
        <IsPartOfProject Value="True"/>
        <ComponentName Value="frmStatInfo"/>
        <HasResources Value="True"/>
        <ResourceBaseClass Value="Form"/>
        <UnitName Value="statinfo"/>
        <EditorIndex Value="1"/>
        <TopLine Value="7"/>
        <CursorPos X="5" Y="36"/>
        <UsageCount Value="200"/>
        <Loaded Value="True"/>
        <LoadedDesigner Value="True"/>
      </Unit11>
      <Unit12>
        <Filename Value="suche.pas"/>
        <IsPartOfProject Value="True"/>
        <ComponentName Value="frmSuche"/>
        <HasResources Value="True"/>
        <ResourceBaseClass Value="Form"/>
        <EditorIndex Value="-1"/>
        <TopLine Value="288"/>
        <CursorPos X="25" Y="295"/>
        <UsageCount Value="201"/>
      </Unit12>
      <Unit13>
        <Filename Value="gd.pas"/>
        <IsPartOfProject Value="True"/>
        <ComponentName Value="frmGD"/>
        <HasResources Value="True"/>
        <ResourceBaseClass Value="Form"/>
        <EditorIndex Value="-1"/>
        <TopLine Value="134"/>
        <CursorPos X="24" Y="149"/>
        <UsageCount Value="200"/>
      </Unit13>
      <Unit14>
        <Filename Value="freelist.pas"/>
        <IsPartOfProject Value="True"/>
        <ComponentName Value="frmFreieListe"/>
        <HasResources Value="True"/>
        <ResourceBaseClass Value="Form"/>
        <UnitName Value="Freelist"/>
        <EditorIndex Value="2"/>
        <CursorPos X="24" Y="158"/>
        <UsageCount Value="200"/>
        <Loaded Value="True"/>
        <LoadedDesigner Value="True"/>
      </Unit14>
      <Unit15>
        <Filename Value="uscaledpi.pas"/>
        <EditorIndex Value="-1"/>
        <CursorPos X="3" Y="3"/>
        <UsageCount Value="200"/>
      </Unit15>
      <Unit16>
        <Filename Value="pgmupdate.pas"/>
        <IsPartOfProject Value="True"/>
        <ComponentName Value="frmPgmUpdate"/>
        <HasResources Value="True"/>
        <ResourceBaseClass Value="Form"/>
        <UnitName Value="PgmUpdate"/>
        <EditorIndex Value="-1"/>
        <TopLine Value="15"/>
        <CursorPos X="36" Y="31"/>
        <UsageCount Value="200"/>
      </Unit16>
      <Unit17>
        <Filename Value="uhttpdownloader.pas"/>
        <IsPartOfProject Value="True"/>
        <EditorIndex Value="-1"/>
        <TopLine Value="10"/>
        <CursorPos X="10" Y="34"/>
        <UsageCount Value="200"/>
      </Unit17>
    </Units>
    <JumpHistory Count="30" HistoryIndex="29">
      <Position1>
        <Filename Value="main.pas"/>
        <Caret Line="364" Column="11" TopLine="359"/>
      </Position1>
      <Position2>
        <Filename Value="main.pas"/>
        <Caret Line="376" Column="51" TopLine="356"/>
      </Position2>
      <Position3>
        <Filename Value="main.pas"/>
        <Caret Line="356" Column="7" TopLine="335"/>
      </Position3>
      <Position4>
        <Filename Value="main.pas"/>
        <Caret Line="354" Column="43" TopLine="339"/>
      </Position4>
      <Position5>
        <Filename Value="main.pas"/>
        <Caret Line="355" Column="5" TopLine="336"/>
      </Position5>
      <Position6>
        <Filename Value="main.pas"/>
        <Caret Line="652" Column="23" TopLine="649"/>
      </Position6>
      <Position7>
        <Filename Value="main.pas"/>
        <Caret Line="2632" Column="59" TopLine="2595"/>
      </Position7>
      <Position8>
        <Filename Value="main.pas"/>
        <Caret Line="1676" Column="3" TopLine="1666"/>
      </Position8>
      <Position9>
        <Filename Value="main.pas"/>
        <Caret Line="1385" Column="42" TopLine="1365"/>
      </Position9>
      <Position10>
        <Filename Value="main.pas"/>
        <Caret Line="1590" Column="53" TopLine="1571"/>
      </Position10>
      <Position11>
        <Filename Value="main.pas"/>
        <Caret Line="1676" TopLine="1657"/>
      </Position11>
      <Position12>
        <Filename Value="main.pas"/>
        <Caret Line="2642" Column="42" TopLine="2621"/>
      </Position12>
      <Position13>
        <Filename Value="main.pas"/>
        <Caret Line="2653" Column="14" TopLine="2628"/>
      </Position13>
      <Position14>
        <Filename Value="main.pas"/>
        <Caret Line="3060" Column="78" TopLine="3029"/>
      </Position14>
      <Position15>
        <Filename Value="main.pas"/>
        <Caret Line="3062" Column="20" TopLine="3061"/>
      </Position15>
      <Position16>
        <Filename Value="STATINFO.PAS"/>
        <Caret Line="16" Column="6" TopLine="7"/>
      </Position16>
      <Position17>
        <Filename Value="main.pas"/>
        <Caret Line="1692" Column="46" TopLine="1674"/>
      </Position17>
      <Position18>
        <Filename Value="STATINFO.PAS"/>
        <Caret Line="16" Column="6" TopLine="7"/>
      </Position18>
      <Position19>
        <Filename Value="main.pas"/>
        <Caret Line="1680" Column="3" TopLine="1660"/>
      </Position19>
      <Position20>
        <Filename Value="main.pas"/>
        <Caret Line="1387" Column="45" TopLine="1367"/>
      </Position20>
      <Position21>
        <Filename Value="main.pas"/>
        <Caret Line="1679" Column="3" TopLine="1660"/>
      </Position21>
      <Position22>
        <Filename Value="main.pas"/>
        <Caret Line="2635" TopLine="2614"/>
      </Position22>
      <Position23>
        <Filename Value="main.pas"/>
        <Caret Line="1679" Column="3" TopLine="1660"/>
      </Position23>
      <Position24>
        <Filename Value="main.pas"/>
        <Caret Line="1387" Column="3" TopLine="1367"/>
      </Position24>
      <Position25>
        <Filename Value="main.pas"/>
        <Caret Line="2632" Column="36" TopLine="2614"/>
      </Position25>
      <Position26>
        <Filename Value="main.pas"/>
        <Caret Line="1681" Column="11" TopLine="1663"/>
      </Position26>
      <Position27>
        <Filename Value="main.pas"/>
        <Caret Line="1386" Column="3" TopLine="1367"/>
      </Position27>
      <Position28>
        <Filename Value="main.pas"/>
        <Caret Line="1679" Column="3" TopLine="1660"/>
      </Position28>
      <Position29>
        <Filename Value="main.pas"/>
        <Caret Line="2633" Column="3" TopLine="2614"/>
      </Position29>
      <Position30>
        <Filename Value="main.pas"/>
        <Caret Line="2971" Column="28" TopLine="2952"/>
      </Position30>
    </JumpHistory>
  </ProjectOptions>
  <CompilerOptions>
    <Version Value="11"/>
    <PathDelim Value="\"/>
    <Target>
      <Filename Value="GE_Kart"/>
    </Target>
    <SearchPaths>
      <IncludeFiles Value="$(ProjOutDir)"/>
      <OtherUnitFiles Value="C:\lazarus\components\synapse40\source\lib\"/>
      <UnitOutputDirectory Value="lib\$(TargetCPU)-$(TargetOS)"/>
    </SearchPaths>
    <Linking>
      <Debugging>
        <GenerateDebugInfo Value="False"/>
        <UseLineInfoUnit Value="False"/>
      </Debugging>
      <Options>
        <Win32>
          <GraphicApplication Value="True"/>
        </Win32>
      </Options>
    </Linking>
  </CompilerOptions>
  <Debugging>
    <BreakPoints Count="1">
      <Item1>
        <Kind Value="bpkSource"/>
        <WatchScope Value="wpsLocal"/>
        <WatchKind Value="wpkWrite"/>
        <Source Value="main.pas"/>
        <Line Value="1683"/>
      </Item1>
    </BreakPoints>
    <Watches Count="1">
      <Item1>
        <Expression Value="slAusgabe"/>
      </Item1>
    </Watches>
    <Exceptions Count="3">
      <Item1>
        <Name Value="EAbort"/>
      </Item1>
      <Item2>
        <Name Value="ECodetoolError"/>
      </Item2>
      <Item3>
        <Name Value="EFOpenError"/>
      </Item3>
    </Exceptions>
  </Debugging>
</CONFIG>
