<?xml version="1.0" encoding="UTF-8"?>
<CONFIG>
  <ProjectOptions>
    <Version Value="12"/>
    <PathDelim Value="\"/>
    <General>
      <Flags>
        <CompatibilityMode Value="True"/>
      </Flags>
      <Title Value="GE_Kart Verwaltungsprogramm für Kirchengemeinden"/>
      <Scaled Value="True"/>
      <ResourceType Value="res"/>
      <UseXPManifest Value="True"/>
      <XPManifest>
        <DpiAware Value="True"/>
      </XPManifest>
      <Icon Value="0"/>
    </General>
    <i18n>
      <EnableI18N LFM="False"/>
    </i18n>
    <VersionInfo>
      <UseVersionInfo Value="True"/>
      <MajorVersionNr Value="7"/>
      <MinorVersionNr Value="5"/>
      <RevisionNr Value="4"/>
      <Language Value="0407"/>
      <StringTable CompanyName="Wolfgang Werner" FileDescription="GE_Kart: Verwaltungsprogramm für Kirchengemeinden" InternalName="GE_Kart.exe" LegalCopyright="Wolfgang Werner" OriginalFilename="GE_Kart.exe" ProductName="GE_Kart"/>
    </VersionInfo>
    <BuildModes Count="1" Active="Default">
      <Item1 Name="Default" Default="True"/>
    </BuildModes>
    <PublishOptions>
      <Version Value="2"/>
    </PublishOptions>
    <RunParams>
      <local>
        <CommandLineParams Value="Master"/>
      </local>
      <FormatVersion Value="2"/>
      <Modes Count="1">
        <Mode0 Name="default">
          <local>
            <CommandLineParams Value="Master"/>
          </local>
        </Mode0>
      </Modes>
    </RunParams>
    <RequiredPackages Count="8">
      <Item1>
        <PackageName Value="zcomponent"/>
      </Item1>
      <Item2>
        <PackageName Value="Printer4Lazarus"/>
        <MinVersion Minor="5" Valid="True"/>
      </Item2>
      <Item3>
        <PackageName Value="SynEdit"/>
        <MinVersion Major="1" Valid="True"/>
      </Item3>
      <Item4>
        <PackageName Value="lazreport"/>
        <MinVersion Minor="9" Release="8" Valid="True"/>
      </Item4>
      <Item5>
        <PackageName Value="LazControls"/>
        <MinVersion Valid="True"/>
      </Item5>
      <Item6>
        <PackageName Value="DBFLaz"/>
        <MinVersion Minor="1" Release="1" Valid="True"/>
      </Item6>
      <Item7>
        <PackageName Value="FCL"/>
        <MinVersion Major="1" Valid="True"/>
      </Item7>
      <Item8>
        <PackageName Value="LCL"/>
      </Item8>
    </RequiredPackages>
    <Units Count="36">
      <Unit0>
        <Filename Value="GE_Kart.lpr"/>
        <IsPartOfProject Value="True"/>
        <EditorIndex Value="4"/>
        <CursorPos X="46" Y="77"/>
        <UsageCount Value="201"/>
        <Loaded Value="True"/>
      </Unit0>
      <Unit1>
        <Filename Value="main.pas"/>
        <IsPartOfProject Value="True"/>
        <ComponentName Value="frmMain"/>
        <HasResources Value="True"/>
        <ResourceBaseClass Value="Form"/>
        <UnitName Value="Main"/>
        <TopLine Value="1386"/>
        <CursorPos X="11" Y="1388"/>
        <UsageCount Value="201"/>
        <Loaded Value="True"/>
        <LoadedDesigner Value="True"/>
      </Unit1>
      <Unit2>
        <Filename Value="global.pas"/>
        <IsPartOfProject Value="True"/>
        <UnitName Value="Global"/>
        <EditorIndex Value="7"/>
        <TopLine Value="16"/>
        <CursorPos X="59" Y="39"/>
        <UsageCount Value="201"/>
        <Loaded Value="True"/>
      </Unit2>
      <Unit3>
        <Filename Value="help.pas"/>
        <EditorIndex Value="-1"/>
        <TopLine Value="1053"/>
        <CursorPos X="51" Y="1077"/>
        <UsageCount Value="199"/>
      </Unit3>
      <Unit4>
        <Filename Value="input.pas"/>
        <ComponentName Value="frmInput"/>
        <HasResources Value="True"/>
        <ResourceBaseClass Value="Form"/>
        <EditorIndex Value="-1"/>
        <CursorPos X="151" Y="5"/>
        <UsageCount Value="199"/>
      </Unit4>
      <Unit5>
        <Filename Value="dm.pas"/>
        <IsPartOfProject Value="True"/>
        <ComponentName Value="frmDM"/>
        <HasResources Value="True"/>
        <ResourceBaseClass Value="Form"/>
        <EditorIndex Value="8"/>
        <TopLine Value="242"/>
        <CursorPos X="23" Y="280"/>
        <UsageCount Value="200"/>
        <Loaded Value="True"/>
        <LoadedDesigner Value="True"/>
      </Unit5>
      <Unit6>
        <Filename Value="kartei.pas"/>
        <IsPartOfProject Value="True"/>
        <ComponentName Value="frmKartei"/>
        <HasResources Value="True"/>
        <ResourceBaseClass Value="Form"/>
        <EditorIndex Value="3"/>
        <TopLine Value="671"/>
        <CursorPos X="3" Y="633"/>
        <UsageCount Value="200"/>
        <Loaded Value="True"/>
        <LoadedDesigner Value="True"/>
      </Unit6>
      <Unit7>
        <Filename Value="vinfo.pas"/>
        <UsageCount Value="200"/>
      </Unit7>
      <Unit8>
        <Filename Value="appsettings.pas"/>
        <EditorIndex Value="-1"/>
        <TopLine Value="7"/>
        <CursorPos X="31" Y="10"/>
        <UsageCount Value="199"/>
      </Unit8>
      <Unit9>
        <Filename Value="dbgrid.pas"/>
        <IsPartOfProject Value="True"/>
        <ComponentName Value="frmDBGrid"/>
        <HasResources Value="True"/>
        <ResourceBaseClass Value="Form"/>
        <UnitName Value="DBGrid"/>
        <EditorIndex Value="-1"/>
        <CursorPos Y="34"/>
        <UsageCount Value="201"/>
      </Unit9>
      <Unit10>
        <Filename Value="ausgabe.pas"/>
        <ComponentName Value="frmAusgabe"/>
        <HasResources Value="True"/>
        <ResourceBaseClass Value="Form"/>
        <UnitName Value="Ausgabe"/>
        <EditorIndex Value="-1"/>
        <TopLine Value="42"/>
        <CursorPos X="3" Y="69"/>
        <UsageCount Value="199"/>
      </Unit10>
      <Unit11>
        <Filename Value="STATINFO.PAS"/>
        <IsPartOfProject Value="True"/>
        <ComponentName Value="frmStatInfo"/>
        <HasResources Value="True"/>
        <ResourceBaseClass Value="Form"/>
        <UnitName Value="statinfo"/>
        <EditorIndex Value="-1"/>
        <TopLine Value="13"/>
        <CursorPos X="31" Y="50"/>
        <UsageCount Value="200"/>
      </Unit11>
      <Unit12>
        <Filename Value="suche.pas"/>
        <IsPartOfProject Value="True"/>
        <ComponentName Value="frmSuche"/>
        <HasResources Value="True"/>
        <ResourceBaseClass Value="Form"/>
        <EditorIndex Value="-1"/>
        <TopLine Value="88"/>
        <CursorPos X="3" Y="17"/>
        <UsageCount Value="201"/>
      </Unit12>
      <Unit13>
        <Filename Value="gd.pas"/>
        <IsPartOfProject Value="True"/>
        <ComponentName Value="frmGD"/>
        <HasResources Value="True"/>
        <ResourceBaseClass Value="Form"/>
        <IsVisibleTab Value="True"/>
        <EditorIndex Value="2"/>
        <TopLine Value="323"/>
        <CursorPos X="26" Y="350"/>
        <UsageCount Value="200"/>
        <Loaded Value="True"/>
        <LoadedDesigner Value="True"/>
      </Unit13>
      <Unit14>
        <Filename Value="freelist.pas"/>
        <ComponentName Value="frmFreieListe"/>
        <HasResources Value="True"/>
        <ResourceBaseClass Value="Form"/>
        <UnitName Value="Freelist"/>
        <EditorIndex Value="-1"/>
        <TopLine Value="51"/>
        <CursorPos X="34" Y="58"/>
        <UsageCount Value="199"/>
      </Unit14>
      <Unit15>
        <Filename Value="uscaledpi.pas"/>
        <EditorIndex Value="-1"/>
        <CursorPos X="3" Y="3"/>
        <UsageCount Value="193"/>
      </Unit15>
      <Unit16>
        <Filename Value="pgmupdate.pas"/>
        <ComponentName Value="frmPgmUpdate"/>
        <HasResources Value="True"/>
        <ResourceBaseClass Value="Form"/>
        <UnitName Value="PgmUpdate"/>
        <EditorIndex Value="-1"/>
        <TopLine Value="15"/>
        <CursorPos X="36" Y="31"/>
        <UsageCount Value="199"/>
      </Unit16>
      <Unit17>
        <Filename Value="uhttpdownloader.pas"/>
        <EditorIndex Value="-1"/>
        <TopLine Value="10"/>
        <CursorPos X="10" Y="34"/>
        <UsageCount Value="199"/>
      </Unit17>
      <Unit18>
        <Filename Value="C:\lazarus\fpc\3.2.0\source\packages\regexpr\src\regexpr.pas"/>
        <UnitName Value="RegExpr"/>
        <EditorIndex Value="-1"/>
        <TopLine Value="5234"/>
        <CursorPos X="3" Y="5246"/>
        <UsageCount Value="5"/>
      </Unit18>
      <Unit19>
        <Filename Value="C:\Users\wwern\AppData\Local\Temp\Temp1_shttpclient.zip\Main.pas"/>
        <EditorIndex Value="-1"/>
        <TopLine Value="163"/>
        <UsageCount Value="3"/>
      </Unit19>
      <Unit20>
        <Filename Value="C:\lazarus\fpc\3.2.2\source\rtl\objpas\classes\classesh.inc"/>
        <EditorIndex Value="-1"/>
        <TopLine Value="36"/>
        <CursorPos X="3" Y="62"/>
        <UsageCount Value="4"/>
      </Unit20>
      <Unit21>
        <Filename Value="C:\lazarus\fpc\3.2.2\source\rtl\objpas\types.pp"/>
        <UnitName Value="Types"/>
        <EditorIndex Value="-1"/>
        <TopLine Value="141"/>
        <CursorPos X="38" Y="167"/>
        <UsageCount Value="4"/>
      </Unit21>
      <Unit22>
        <Filename Value="C:\lazarus\components\ZEOSDBO\src\component\ZAbstractRODataset.pas"/>
        <EditorIndex Value="-1"/>
        <TopLine Value="1954"/>
        <CursorPos X="79" Y="1979"/>
        <UsageCount Value="3"/>
        <DefaultSyntaxHighlighter Value="Delphi"/>
      </Unit22>
      <Unit23>
        <Filename Value="C:\lazarus\fpc\3.2.2\source\packages\fcl-db\src\base\db.pas"/>
        <UnitName Value="DB"/>
        <EditorIndex Value="-1"/>
        <TopLine Value="157"/>
        <CursorPos X="18" Y="198"/>
        <UsageCount Value="3"/>
      </Unit23>
      <Unit24>
        <Filename Value="C:\lazarus\components\synapse40\source\lib\synautil.pas"/>
        <EditorIndex Value="-1"/>
        <CursorPos X="71" Y="2030"/>
        <UsageCount Value="3"/>
      </Unit24>
      <Unit25>
        <Filename Value="C:\lazarus\lcl\forms.pp"/>
        <UnitName Value="Forms"/>
        <EditorIndex Value="-1"/>
        <TopLine Value="712"/>
        <CursorPos X="14" Y="741"/>
        <UsageCount Value="23"/>
      </Unit25>
      <Unit26>
        <Filename Value="C:\lazarus\lcl\graphics.pp"/>
        <UnitName Value="Graphics"/>
        <EditorIndex Value="-1"/>
        <TopLine Value="54"/>
        <CursorPos X="14" Y="69"/>
        <UsageCount Value="8"/>
      </Unit26>
      <Unit27>
        <Filename Value="C:\lazarus\lcl\controls.pp"/>
        <UnitName Value="Controls"/>
        <EditorIndex Value="-1"/>
        <TopLine Value="1567"/>
        <CursorPos X="29" Y="1589"/>
        <UsageCount Value="9"/>
      </Unit27>
      <Unit28>
        <Filename Value="..\..\Lazarus\shared\appsettings.pas"/>
        <IsPartOfProject Value="True"/>
        <EditorIndex Value="-1"/>
        <CursorPos X="28" Y="4"/>
        <UsageCount Value="54"/>
      </Unit28>
      <Unit29>
        <Filename Value="..\..\Lazarus\shared\ausgabe.pas"/>
        <IsPartOfProject Value="True"/>
        <HasResources Value="True"/>
        <UnitName Value="Ausgabe"/>
        <EditorIndex Value="1"/>
        <TopLine Value="28"/>
        <CursorPos X="3" Y="51"/>
        <UsageCount Value="54"/>
        <Loaded Value="True"/>
      </Unit29>
      <Unit30>
        <Filename Value="..\..\Lazarus\shared\freelist.pas"/>
        <IsPartOfProject Value="True"/>
        <HasResources Value="True"/>
        <UnitName Value="Freelist"/>
        <EditorIndex Value="6"/>
        <TopLine Value="131"/>
        <CursorPos X="61" Y="172"/>
        <UsageCount Value="54"/>
        <Loaded Value="True"/>
      </Unit30>
      <Unit31>
        <Filename Value="..\..\Lazarus\shared\help.pas"/>
        <IsPartOfProject Value="True"/>
        <EditorIndex Value="5"/>
        <TopLine Value="1111"/>
        <CursorPos X="58" Y="1126"/>
        <UsageCount Value="54"/>
        <Loaded Value="True"/>
      </Unit31>
      <Unit32>
        <Filename Value="..\..\Lazarus\shared\input.pas"/>
        <IsPartOfProject Value="True"/>
        <HasResources Value="True"/>
        <EditorIndex Value="-1"/>
        <CursorPos X="12" Y="21"/>
        <UsageCount Value="54"/>
      </Unit32>
      <Unit33>
        <Filename Value="..\..\Lazarus\shared\pgmupdate.pas"/>
        <IsPartOfProject Value="True"/>
        <HasResources Value="True"/>
        <UnitName Value="PgmUpdate"/>
        <EditorIndex Value="-1"/>
        <CursorPos X="16" Y="25"/>
        <UsageCount Value="54"/>
      </Unit33>
      <Unit34>
        <Filename Value="..\..\Lazarus\shared\uhttpdownloader.pas"/>
        <IsPartOfProject Value="True"/>
        <EditorIndex Value="-1"/>
        <UsageCount Value="54"/>
      </Unit34>
      <Unit35>
        <Filename Value="..\..\Lazarus\shared\vinfo.pas"/>
        <IsPartOfProject Value="True"/>
        <EditorIndex Value="-1"/>
        <UsageCount Value="54"/>
      </Unit35>
    </Units>
    <JumpHistory Count="30" HistoryIndex="29">
      <Position1>
        <Filename Value="kartei.pas"/>
        <Caret Line="818" Column="13" TopLine="780"/>
      </Position1>
      <Position2>
        <Filename Value="kartei.pas"/>
        <Caret Line="821" TopLine="780"/>
      </Position2>
      <Position3>
        <Filename Value="kartei.pas"/>
        <Caret Line="371" Column="5" TopLine="349"/>
      </Position3>
      <Position4>
        <Filename Value="kartei.pas"/>
        <Caret Line="432" Column="15" TopLine="410"/>
      </Position4>
      <Position5>
        <Filename Value="kartei.pas"/>
        <Caret Line="620" Column="22" TopLine="600"/>
      </Position5>
      <Position6>
        <Filename Value="kartei.pas"/>
        <Caret Line="644" Column="57" TopLine="625"/>
      </Position6>
      <Position7>
        <Filename Value="kartei.pas"/>
        <Caret Line="626" Column="19" TopLine="618"/>
      </Position7>
      <Position8>
        <Filename Value="kartei.pas"/>
        <Caret Line="96" Column="10" TopLine="74"/>
      </Position8>
      <Position9>
        <Filename Value="global.pas"/>
        <Caret Line="36" Column="41" TopLine="9"/>
      </Position9>
      <Position10>
        <Filename Value="kartei.pas"/>
        <Caret Line="1044" Column="22" TopLine="1001"/>
      </Position10>
      <Position11>
        <Filename Value="kartei.pas"/>
        <Caret Line="1005" Column="77" TopLine="998"/>
      </Position11>
      <Position12>
        <Filename Value="kartei.pas"/>
        <Caret Line="1003" Column="26" TopLine="995"/>
      </Position12>
      <Position13>
        <Filename Value="kartei.pas"/>
        <Caret Line="1005" Column="77" TopLine="995"/>
      </Position13>
      <Position14>
        <Filename Value="global.pas"/>
        <Caret Line="76" Column="33" TopLine="53"/>
      </Position14>
      <Position15>
        <Filename Value="global.pas"/>
        <Caret Line="39" Column="59" TopLine="16"/>
      </Position15>
      <Position16>
        <Filename Value="main.pas"/>
        <Caret Line="3155" Column="58" TopLine="3133"/>
      </Position16>
      <Position17>
        <Filename Value="main.pas"/>
        <Caret Line="3168" Column="59" TopLine="3133"/>
      </Position17>
      <Position18>
        <Filename Value="kartei.pas"/>
        <Caret Line="1005" Column="77" TopLine="995"/>
      </Position18>
      <Position19>
        <Filename Value="kartei.pas"/>
        <Caret Line="545" Column="37" TopLine="526"/>
      </Position19>
      <Position20>
        <Filename Value="kartei.pas"/>
        <Caret Line="429" Column="30" TopLine="407"/>
      </Position20>
      <Position21>
        <Filename Value="kartei.pas"/>
        <Caret Line="756" Column="17" TopLine="714"/>
      </Position21>
      <Position22>
        <Filename Value="kartei.pas"/>
        <Caret Line="822" Column="3" TopLine="799"/>
      </Position22>
      <Position23>
        <Filename Value="kartei.pas"/>
        <Caret Line="824" TopLine="799"/>
      </Position23>
      <Position24>
        <Filename Value="kartei.pas"/>
        <Caret Line="820" Column="25" TopLine="815"/>
      </Position24>
      <Position25>
        <Filename Value="kartei.pas"/>
        <Caret Line="549" Column="21" TopLine="537"/>
      </Position25>
      <Position26>
        <Filename Value="main.pas"/>
        <Caret Line="3170" Column="112" TopLine="3248"/>
      </Position26>
      <Position27>
        <Filename Value="main.pas"/>
        <Caret Line="1388" Column="11" TopLine="1386"/>
      </Position27>
      <Position28>
        <Filename Value="gd.pas"/>
        <Caret Line="283" Column="48" TopLine="185"/>
      </Position28>
      <Position29>
        <Filename Value="gd.pas"/>
        <Caret Line="135" Column="3" TopLine="55"/>
      </Position29>
      <Position30>
        <Filename Value="gd.pas"/>
        <Caret Line="329" Column="25" TopLine="291"/>
      </Position30>
    </JumpHistory>
  </ProjectOptions>
  <CompilerOptions>
    <Version Value="11"/>
    <PathDelim Value="\"/>
    <Target>
      <Filename Value="GE_Kart"/>
    </Target>
    <SearchPaths>
      <IncludeFiles Value="$(ProjOutDir)"/>
      <OtherUnitFiles Value="C:\lazarus\components\synapse40\source\lib\;..\..\Lazarus\shared"/>
      <UnitOutputDirectory Value="lib\$(TargetCPU)-$(TargetOS)"/>
    </SearchPaths>
    <Linking>
      <Debugging>
        <GenerateDebugInfo Value="False"/>
        <DebugInfoType Value="dsDwarf2Set"/>
        <UseLineInfoUnit Value="False"/>
      </Debugging>
      <Options>
        <Win32>
          <GraphicApplication Value="True"/>
        </Win32>
      </Options>
    </Linking>
  </CompilerOptions>
  <Debugging>
    <BreakPoints Count="2">
      <Item1>
        <Kind Value="bpkSource"/>
        <WatchScope Value="wpsLocal"/>
        <WatchKind Value="wpkWrite"/>
        <Source Value="main.pas"/>
        <Line Value="2488"/>
      </Item1>
      <Item2>
        <Kind Value="bpkSource"/>
        <WatchScope Value="wpsLocal"/>
        <WatchKind Value="wpkWrite"/>
        <Source Value="main.pas"/>
        <Line Value="607"/>
      </Item2>
    </BreakPoints>
    <Watches Count="1">
      <Item1>
        <Expression Value="slAusgabe"/>
      </Item1>
    </Watches>
    <Exceptions Count="3">
      <Item1>
        <Name Value="EAbort"/>
      </Item1>
      <Item2>
        <Name Value="ECodetoolError"/>
      </Item2>
      <Item3>
        <Name Value="EFOpenError"/>
      </Item3>
    </Exceptions>
  </Debugging>
</CONFIG>
