<?xml version="1.0" encoding="UTF-8"?>
<CONFIG>
  <ProjectOptions>
    <Version Value="11"/>
    <PathDelim Value="\"/>
    <General>
      <MainUnit Value="0"/>
      <Title Value="GE_Kart Verwaltungsprogramm für Kirchengemeinden"/>
      <Scaled Value="True"/>
      <ResourceType Value="res"/>
      <UseXPManifest Value="True"/>
      <XPManifest>
        <DpiAware Value="True"/>
      </XPManifest>
      <Icon Value="0"/>
    </General>
    <i18n>
      <EnableI18N LFM="False"/>
    </i18n>
    <VersionInfo>
      <UseVersionInfo Value="True"/>
      <MajorVersionNr Value="7"/>
      <MinorVersionNr Value="5"/>
      <RevisionNr Value="2"/>
      <BuildNr Value="1"/>
      <Language Value="0407"/>
      <StringTable CompanyName="Wolfgang Werner" FileDescription="GE_Kart: Verwaltungsprogramm für Kirchengemeinden" InternalName="GE_Kart.exe" LegalCopyright="Wolfgang Werner" OriginalFilename="GE_Kart.exe" ProductName="GE_Kart"/>
    </VersionInfo>
    <BuildModes Count="1" Active="Default">
      <Item1 Name="Default" Default="True"/>
    </BuildModes>
    <PublishOptions>
      <Version Value="2"/>
    </PublishOptions>
    <RunParams>
      <local>
        <CommandLineParams Value="Master"/>
      </local>
      <FormatVersion Value="2"/>
      <Modes Count="1">
        <Mode0 Name="default">
          <local>
            <CommandLineParams Value="Master"/>
          </local>
        </Mode0>
      </Modes>
    </RunParams>
    <RequiredPackages Count="8">
      <Item1>
        <PackageName Value="zcomponent"/>
      </Item1>
      <Item2>
        <PackageName Value="Printer4Lazarus"/>
        <MinVersion Minor="5" Valid="True"/>
      </Item2>
      <Item3>
        <PackageName Value="SynEdit"/>
        <MinVersion Major="1" Valid="True"/>
      </Item3>
      <Item4>
        <PackageName Value="lazreport"/>
        <MinVersion Minor="9" Release="8" Valid="True"/>
      </Item4>
      <Item5>
        <PackageName Value="LazControls"/>
        <MinVersion Valid="True"/>
      </Item5>
      <Item6>
        <PackageName Value="DBFLaz"/>
        <MinVersion Minor="1" Release="1" Valid="True"/>
      </Item6>
      <Item7>
        <PackageName Value="FCL"/>
        <MinVersion Major="1" Valid="True"/>
      </Item7>
      <Item8>
        <PackageName Value="LCL"/>
      </Item8>
    </RequiredPackages>
    <Units Count="18">
      <Unit0>
        <Filename Value="GE_Kart.lpr"/>
        <IsPartOfProject Value="True"/>
        <EditorIndex Value="-1"/>
        <CursorPos Y="51"/>
        <UsageCount Value="201"/>
      </Unit0>
      <Unit1>
        <Filename Value="main.pas"/>
        <IsPartOfProject Value="True"/>
        <ComponentName Value="frmMain"/>
        <HasResources Value="True"/>
        <ResourceBaseClass Value="Form"/>
        <UnitName Value="Main"/>
        <TopLine Value="1242"/>
        <CursorPos X="56" Y="1240"/>
        <UsageCount Value="201"/>
        <Loaded Value="True"/>
        <LoadedDesigner Value="True"/>
      </Unit1>
      <Unit2>
        <Filename Value="global.pas"/>
        <IsPartOfProject Value="True"/>
        <UnitName Value="Global"/>
        <EditorIndex Value="1"/>
        <TopLine Value="69"/>
        <CursorPos X="26" Y="88"/>
        <UsageCount Value="201"/>
        <Loaded Value="True"/>
      </Unit2>
      <Unit3>
        <Filename Value="help.pas"/>
        <IsPartOfProject Value="True"/>
        <EditorIndex Value="2"/>
        <TopLine Value="111"/>
        <CursorPos X="26" Y="1157"/>
        <UsageCount Value="200"/>
        <Loaded Value="True"/>
      </Unit3>
      <Unit4>
        <Filename Value="input.pas"/>
        <IsPartOfProject Value="True"/>
        <ComponentName Value="frmInput"/>
        <HasResources Value="True"/>
        <ResourceBaseClass Value="Form"/>
        <EditorIndex Value="-1"/>
        <CursorPos X="151" Y="5"/>
        <UsageCount Value="200"/>
      </Unit4>
      <Unit5>
        <Filename Value="dm.pas"/>
        <IsPartOfProject Value="True"/>
        <ComponentName Value="frmDM"/>
        <HasResources Value="True"/>
        <ResourceBaseClass Value="Form"/>
        <EditorIndex Value="5"/>
        <TopLine Value="208"/>
        <CursorPos X="65" Y="225"/>
        <UsageCount Value="200"/>
        <Loaded Value="True"/>
        <LoadedDesigner Value="True"/>
      </Unit5>
      <Unit6>
        <Filename Value="kartei.pas"/>
        <IsPartOfProject Value="True"/>
        <ComponentName Value="frmKartei"/>
        <HasResources Value="True"/>
        <ResourceBaseClass Value="Form"/>
        <IsVisibleTab Value="True"/>
        <EditorIndex Value="4"/>
        <TopLine Value="831"/>
        <CursorPos X="28" Y="869"/>
        <UsageCount Value="200"/>
        <Loaded Value="True"/>
        <LoadedDesigner Value="True"/>
      </Unit6>
      <Unit7>
        <Filename Value="vinfo.pas"/>
        <IsPartOfProject Value="True"/>
        <UsageCount Value="201"/>
      </Unit7>
      <Unit8>
        <Filename Value="appsettings.pas"/>
        <IsPartOfProject Value="True"/>
        <EditorIndex Value="-1"/>
        <TopLine Value="7"/>
        <CursorPos X="31" Y="10"/>
        <UsageCount Value="200"/>
      </Unit8>
      <Unit9>
        <Filename Value="dbgrid.pas"/>
        <IsPartOfProject Value="True"/>
        <ComponentName Value="frmDBGrid"/>
        <HasResources Value="True"/>
        <ResourceBaseClass Value="Form"/>
        <UnitName Value="DBGrid"/>
        <EditorIndex Value="-1"/>
        <CursorPos Y="34"/>
        <UsageCount Value="201"/>
      </Unit9>
      <Unit10>
        <Filename Value="ausgabe.pas"/>
        <IsPartOfProject Value="True"/>
        <ComponentName Value="frmAusgabe"/>
        <HasResources Value="True"/>
        <ResourceBaseClass Value="Form"/>
        <UnitName Value="Ausgabe"/>
        <EditorIndex Value="-1"/>
        <TopLine Value="55"/>
        <CursorPos X="127" Y="61"/>
        <UsageCount Value="200"/>
      </Unit10>
      <Unit11>
        <Filename Value="STATINFO.PAS"/>
        <IsPartOfProject Value="True"/>
        <ComponentName Value="frmStatInfo"/>
        <HasResources Value="True"/>
        <ResourceBaseClass Value="Form"/>
        <UnitName Value="statinfo"/>
        <EditorIndex Value="-1"/>
        <TopLine Value="7"/>
        <CursorPos X="5" Y="36"/>
        <UsageCount Value="200"/>
      </Unit11>
      <Unit12>
        <Filename Value="suche.pas"/>
        <IsPartOfProject Value="True"/>
        <ComponentName Value="frmSuche"/>
        <HasResources Value="True"/>
        <ResourceBaseClass Value="Form"/>
        <EditorIndex Value="3"/>
        <TopLine Value="105"/>
        <CursorPos X="100" Y="136"/>
        <UsageCount Value="201"/>
        <Loaded Value="True"/>
      </Unit12>
      <Unit13>
        <Filename Value="gd.pas"/>
        <IsPartOfProject Value="True"/>
        <ComponentName Value="frmGD"/>
        <HasResources Value="True"/>
        <ResourceBaseClass Value="Form"/>
        <EditorIndex Value="-1"/>
        <TopLine Value="107"/>
        <CursorPos X="3" Y="126"/>
        <UsageCount Value="200"/>
      </Unit13>
      <Unit14>
        <Filename Value="freelist.pas"/>
        <IsPartOfProject Value="True"/>
        <ComponentName Value="frmFreieListe"/>
        <HasResources Value="True"/>
        <ResourceBaseClass Value="Form"/>
        <UnitName Value="Freelist"/>
        <EditorIndex Value="6"/>
        <TopLine Value="51"/>
        <CursorPos X="34" Y="58"/>
        <UsageCount Value="200"/>
        <Loaded Value="True"/>
        <LoadedDesigner Value="True"/>
      </Unit14>
      <Unit15>
        <Filename Value="uscaledpi.pas"/>
        <EditorIndex Value="-1"/>
        <CursorPos X="3" Y="3"/>
        <UsageCount Value="200"/>
      </Unit15>
      <Unit16>
        <Filename Value="pgmupdate.pas"/>
        <IsPartOfProject Value="True"/>
        <ComponentName Value="frmPgmUpdate"/>
        <HasResources Value="True"/>
        <ResourceBaseClass Value="Form"/>
        <UnitName Value="PgmUpdate"/>
        <EditorIndex Value="-1"/>
        <TopLine Value="15"/>
        <CursorPos X="36" Y="31"/>
        <UsageCount Value="200"/>
      </Unit16>
      <Unit17>
        <Filename Value="uhttpdownloader.pas"/>
        <IsPartOfProject Value="True"/>
        <EditorIndex Value="-1"/>
        <TopLine Value="10"/>
        <CursorPos X="10" Y="34"/>
        <UsageCount Value="200"/>
      </Unit17>
    </Units>
    <JumpHistory Count="30" HistoryIndex="29">
      <Position1>
        <Filename Value="kartei.pas"/>
        <Caret Line="583" Column="25" TopLine="546"/>
      </Position1>
      <Position2>
        <Filename Value="kartei.pas"/>
        <Caret Line="652" Column="49" TopLine="644"/>
      </Position2>
      <Position3>
        <Filename Value="dm.pas"/>
        <Caret Line="116" Column="86" TopLine="97"/>
      </Position3>
      <Position4>
        <Filename Value="kartei.pas"/>
        <Caret Line="480" Column="43" TopLine="461"/>
      </Position4>
      <Position5>
        <Filename Value="kartei.pas"/>
        <Caret Line="652" Column="49" TopLine="633"/>
      </Position5>
      <Position6>
        <Filename Value="kartei.pas"/>
        <Caret Line="855" Column="46" TopLine="836"/>
      </Position6>
      <Position7>
        <Filename Value="suche.pas"/>
        <Caret Line="136" Column="100" TopLine="105"/>
      </Position7>
      <Position8>
        <Filename Value="kartei.pas"/>
        <Caret Line="655" Column="36" TopLine="636"/>
      </Position8>
      <Position9>
        <Filename Value="kartei.pas"/>
        <Caret Line="653" Column="57" TopLine="636"/>
      </Position9>
      <Position10>
        <Filename Value="main.pas"/>
        <Caret Line="802" Column="20" TopLine="784"/>
      </Position10>
      <Position11>
        <Filename Value="global.pas"/>
        <Caret Line="88" Column="26" TopLine="69"/>
      </Position11>
      <Position12>
        <Filename Value="kartei.pas"/>
        <Caret Line="851" Column="27" TopLine="832"/>
      </Position12>
      <Position13>
        <Filename Value="main.pas"/>
        <Caret Line="802" Column="20" TopLine="784"/>
      </Position13>
      <Position14>
        <Filename Value="freelist.pas"/>
        <Caret Line="158" Column="24"/>
      </Position14>
      <Position15>
        <Filename Value="freelist.pas"/>
        <Caret Line="96" Column="16" TopLine="51"/>
      </Position15>
      <Position16>
        <Filename Value="kartei.pas"/>
        <Caret Line="867" Column="7" TopLine="832"/>
      </Position16>
      <Position17>
        <Filename Value="kartei.pas"/>
        <Caret Line="866" Column="7" TopLine="831"/>
      </Position17>
      <Position18>
        <Filename Value="kartei.pas"/>
        <Caret Line="865" Column="7" TopLine="830"/>
      </Position18>
      <Position19>
        <Filename Value="kartei.pas"/>
        <Caret Line="864" Column="7" TopLine="829"/>
      </Position19>
      <Position20>
        <Filename Value="kartei.pas"/>
        <Caret Line="863" Column="7" TopLine="828"/>
      </Position20>
      <Position21>
        <Filename Value="kartei.pas"/>
        <Caret Line="862" Column="7" TopLine="827"/>
      </Position21>
      <Position22>
        <Filename Value="kartei.pas"/>
        <Caret Line="861" Column="7" TopLine="826"/>
      </Position22>
      <Position23>
        <Filename Value="kartei.pas"/>
        <Caret Line="860" Column="7" TopLine="825"/>
      </Position23>
      <Position24>
        <Filename Value="kartei.pas"/>
        <Caret Line="859" Column="7" TopLine="824"/>
      </Position24>
      <Position25>
        <Filename Value="kartei.pas"/>
        <Caret Line="858" Column="7" TopLine="823"/>
      </Position25>
      <Position26>
        <Filename Value="kartei.pas"/>
        <Caret Line="857" Column="7" TopLine="822"/>
      </Position26>
      <Position27>
        <Filename Value="kartei.pas"/>
        <Caret Line="856" Column="7" TopLine="821"/>
      </Position27>
      <Position28>
        <Filename Value="kartei.pas"/>
        <Caret Line="866" Column="7" TopLine="831"/>
      </Position28>
      <Position29>
        <Filename Value="main.pas"/>
        <Caret Line="1241" Column="39" TopLine="1220"/>
      </Position29>
      <Position30>
        <Filename Value="main.pas"/>
        <Caret Line="2291" Column="13" TopLine="2268"/>
      </Position30>
    </JumpHistory>
  </ProjectOptions>
  <CompilerOptions>
    <Version Value="11"/>
    <PathDelim Value="\"/>
    <Target>
      <Filename Value="GE_Kart"/>
    </Target>
    <SearchPaths>
      <IncludeFiles Value="$(ProjOutDir)"/>
      <OtherUnitFiles Value="C:\lazarus\components\synapse40\source\lib\"/>
      <UnitOutputDirectory Value="lib\$(TargetCPU)-$(TargetOS)"/>
    </SearchPaths>
    <Linking>
      <Debugging>
        <GenerateDebugInfo Value="False"/>
        <UseLineInfoUnit Value="False"/>
      </Debugging>
      <Options>
        <Win32>
          <GraphicApplication Value="True"/>
        </Win32>
      </Options>
    </Linking>
  </CompilerOptions>
  <Debugging>
    <Watches Count="1">
      <Item1>
        <Expression Value="slAusgabe"/>
      </Item1>
    </Watches>
    <Exceptions Count="3">
      <Item1>
        <Name Value="EAbort"/>
      </Item1>
      <Item2>
        <Name Value="ECodetoolError"/>
      </Item2>
      <Item3>
        <Name Value="EFOpenError"/>
      </Item3>
    </Exceptions>
  </Debugging>
</CONFIG>
